
Microsoft Visual Studio Solution File, Format Version 12.00
# Visual Studio Version 17
VisualStudioVersion = 17.3.32901.215
MinimumVisualStudioVersion = 10.0.40219.1
Project("{8BC9CEB8-8B4A-11D0-8D11-00A0C91BC942}") = "22.11.9", "22.11.9\22.11.9.vcxproj", "{34D4BE3C-C8FF-4F22-BFC4-63028162CD4E}"
EndProject
Global
	GlobalSection(SolutionConfigurationPlatforms) = preSolution
		Debug|x64 = Debug|x64
		Debug|x86 = Debug|x86
		Release|x64 = Release|x64
		Release|x86 = Release|x86
	EndGlobalSection
	GlobalSection(ProjectConfigurationPlatforms) = postSolution
		{34D4BE3C-C8FF-4F22-BFC4-63028162CD4E}.Debug|x64.ActiveCfg = Debug|x64
		{34D4BE3C-C8FF-4F22-BFC4-63028162CD4E}.Debug|x64.Build.0 = Debug|x64
		{34D4BE3C-C8FF-4F22-BFC4-63028162CD4E}.Debug|x86.ActiveCfg = Debug|Win32
		{34D4BE3C-C8FF-4F22-BFC4-63028162CD4E}.Debug|x86.Build.0 = Debug|Win32
		{34D4BE3C-C8FF-4F22-BFC4-63028162CD4E}.Release|x64.ActiveCfg = Release|x64
		{34D4BE3C-C8FF-4F22-BFC4-63028162CD4E}.Release|x64.Build.0 = Release|x64
		{34D4BE3C-C8FF-4F22-BFC4-63028162CD4E}.Release|x86.ActiveCfg = Release|Win32
		{34D4BE3C-C8FF-4F22-BFC4-63028162CD4E}.Release|x86.Build.0 = Release|Win32
	EndGlobalSection
	GlobalSection(SolutionProperties) = preSolution
		HideSolutionNode = FALSE
	EndGlobalSection
	GlobalSection(ExtensibilityGlobals) = postSolution
		SolutionGuid = {0024B241-2CCA-4C10-A465-B7666442B74E}
	EndGlobalSection
EndGlobal
