
Microsoft Visual Studio Solution File, Format Version 12.00
# Visual Studio Version 17
VisualStudioVersion = 17.2.32630.192
MinimumVisualStudioVersion = 10.0.40219.1
Project("{8BC9CEB8-8B4A-11D0-8D11-00A0C91BC942}") = "22.7.21", "22.7.21\22.7.21.vcxproj", "{A4122C57-1BBC-4E0B-AA77-142F6A7CD293}"
EndProject
Global
	GlobalSection(SolutionConfigurationPlatforms) = preSolution
		Debug|x64 = Debug|x64
		Debug|x86 = Debug|x86
		Release|x64 = Release|x64
		Release|x86 = Release|x86
	EndGlobalSection
	GlobalSection(ProjectConfigurationPlatforms) = postSolution
		{A4122C57-1BBC-4E0B-AA77-142F6A7CD293}.Debug|x64.ActiveCfg = Debug|x64
		{A4122C57-1BBC-4E0B-AA77-142F6A7CD293}.Debug|x64.Build.0 = Debug|x64
		{A4122C57-1BBC-4E0B-AA77-142F6A7CD293}.Debug|x86.ActiveCfg = Debug|Win32
		{A4122C57-1BBC-4E0B-AA77-142F6A7CD293}.Debug|x86.Build.0 = Debug|Win32
		{A4122C57-1BBC-4E0B-AA77-142F6A7CD293}.Release|x64.ActiveCfg = Release|x64
		{A4122C57-1BBC-4E0B-AA77-142F6A7CD293}.Release|x64.Build.0 = Release|x64
		{A4122C57-1BBC-4E0B-AA77-142F6A7CD293}.Release|x86.ActiveCfg = Release|Win32
		{A4122C57-1BBC-4E0B-AA77-142F6A7CD293}.Release|x86.Build.0 = Release|Win32
	EndGlobalSection
	GlobalSection(SolutionProperties) = preSolution
		HideSolutionNode = FALSE
	EndGlobalSection
	GlobalSection(ExtensibilityGlobals) = postSolution
		SolutionGuid = {97E635EC-79AE-488D-9687-3A229060FE55}
	EndGlobalSection
EndGlobal
