
Microsoft Visual Studio Solution File, Format Version 12.00
# Visual Studio Version 17
VisualStudioVersion = 17.3.32901.215
MinimumVisualStudioVersion = 10.0.40219.1
Project("{8BC9CEB8-8B4A-11D0-8D11-00A0C91BC942}") = "22.10.11", "22.10.11\22.10.11.vcxproj", "{BF54E3F1-97F3-4E4E-AB1D-F5C082A33ACB}"
EndProject
Global
	GlobalSection(SolutionConfigurationPlatforms) = preSolution
		Debug|x64 = Debug|x64
		Debug|x86 = Debug|x86
		Release|x64 = Release|x64
		Release|x86 = Release|x86
	EndGlobalSection
	GlobalSection(ProjectConfigurationPlatforms) = postSolution
		{BF54E3F1-97F3-4E4E-AB1D-F5C082A33ACB}.Debug|x64.ActiveCfg = Debug|x64
		{BF54E3F1-97F3-4E4E-AB1D-F5C082A33ACB}.Debug|x64.Build.0 = Debug|x64
		{BF54E3F1-97F3-4E4E-AB1D-F5C082A33ACB}.Debug|x86.ActiveCfg = Debug|Win32
		{BF54E3F1-97F3-4E4E-AB1D-F5C082A33ACB}.Debug|x86.Build.0 = Debug|Win32
		{BF54E3F1-97F3-4E4E-AB1D-F5C082A33ACB}.Release|x64.ActiveCfg = Release|x64
		{BF54E3F1-97F3-4E4E-AB1D-F5C082A33ACB}.Release|x64.Build.0 = Release|x64
		{BF54E3F1-97F3-4E4E-AB1D-F5C082A33ACB}.Release|x86.ActiveCfg = Release|Win32
		{BF54E3F1-97F3-4E4E-AB1D-F5C082A33ACB}.Release|x86.Build.0 = Release|Win32
	EndGlobalSection
	GlobalSection(SolutionProperties) = preSolution
		HideSolutionNode = FALSE
	EndGlobalSection
	GlobalSection(ExtensibilityGlobals) = postSolution
		SolutionGuid = {E467E479-EA5D-4E98-80AE-F48CACBA861F}
	EndGlobalSection
EndGlobal
